
Microsoft Visual Studio Solution File, Format Version 12.00
# Visual Studio Version 16
VisualStudioVersion = 16.0.31702.278
MinimumVisualStudioVersion = 10.0.40219.1
Project("{9A19103F-16F7-4668-BE54-9A1E7A4F7556}") = "LuciansLusciousLasagna", "LuciansLusciousLasagna.csproj", "{70D0DADC-A4BD-48B4-8881-07B3B30BDF4A}"
EndProject
Global
	GlobalSection(SolutionConfigurationPlatforms) = preSolution
		Debug|Any CPU = Debug|Any CPU
		Release|Any CPU = Release|Any CPU
	EndGlobalSection
	GlobalSection(ProjectConfigurationPlatforms) = postSolution
		{70D0DADC-A4BD-48B4-8881-07B3B30BDF4A}.Debug|Any CPU.ActiveCfg = Debug|Any CPU
		{70D0DADC-A4BD-48B4-8881-07B3B30BDF4A}.Debug|Any CPU.Build.0 = Debug|Any CPU
		{70D0DADC-A4BD-48B4-8881-07B3B30BDF4A}.Release|Any CPU.ActiveCfg = Release|Any CPU
		{70D0DADC-A4BD-48B4-8881-07B3B30BDF4A}.Release|Any CPU.Build.0 = Release|Any CPU
	EndGlobalSection
	GlobalSection(SolutionProperties) = preSolution
		HideSolutionNode = FALSE
	EndGlobalSection
	GlobalSection(ExtensibilityGlobals) = postSolution
		SolutionGuid = {1E3D27DE-9C08-4813-86E1-0F4C297709B2}
	EndGlobalSection
EndGlobal
